
Microsoft Visual Studio Solution File, Format Version 12.00
# Visual Studio 15
VisualStudioVersion = 15.0.27428.2037
MinimumVisualStudioVersion = 10.0.40219.1
Project("{FAE04EC0-301F-11D3-BF4B-00C04F79EFBC}") = "SterowanieMagazynowaniem", "SterowanieMagazynowaniem\SterowanieMagazynowaniem.csproj", "{17B4601E-08C7-4FED-B820-B69B17557194}"
EndProject
Global
	GlobalSection(SolutionConfigurationPlatforms) = preSolution
		Debug|Any CPU = Debug|Any CPU
		Release|Any CPU = Release|Any CPU
	EndGlobalSection
	GlobalSection(ProjectConfigurationPlatforms) = postSolution
		{17B4601E-08C7-4FED-B820-B69B17557194}.Debug|Any CPU.ActiveCfg = Debug|Any CPU
		{17B4601E-08C7-4FED-B820-B69B17557194}.Debug|Any CPU.Build.0 = Debug|Any CPU
		{17B4601E-08C7-4FED-B820-B69B17557194}.Release|Any CPU.ActiveCfg = Release|Any CPU
		{17B4601E-08C7-4FED-B820-B69B17557194}.Release|Any CPU.Build.0 = Release|Any CPU
	EndGlobalSection
	GlobalSection(SolutionProperties) = preSolution
		HideSolutionNode = FALSE
	EndGlobalSection
	GlobalSection(ExtensibilityGlobals) = postSolution
		SolutionGuid = {45176E0E-F17E-47B6-903F-2359B85531D1}
	EndGlobalSection
EndGlobal
